
Microsoft Visual Studio Solution File, Format Version 12.00
# Visual Studio 15
VisualStudioVersion = 15.0.28010.2046
MinimumVisualStudioVersion = 10.0.40219.1
Project("{FAE04EC0-301F-11D3-BF4B-00C04F79EFBC}") = "stereopoly.Android", "stereopoly\stereopoly.Android\stereopoly.Android.csproj", "{1638E2DF-0C2C-40A9-9F8B-80A9825E9251}"
EndProject
Project("{FAE04EC0-301F-11D3-BF4B-00C04F79EFBC}") = "stereopoly.iOS", "stereopoly\stereopoly.iOS\stereopoly.iOS.csproj", "{2199877E-305A-4FF6-9F94-81DD5837E5B1}"
EndProject
Project("{FAE04EC0-301F-11D3-BF4B-00C04F79EFBC}") = "stereopoly.UWP", "stereopoly\stereopoly.UWP\stereopoly.UWP.csproj", "{35A87669-3E39-4314-A4FD-6D14D51FB4A8}"
EndProject
Project("{FAE04EC0-301F-11D3-BF4B-00C04F79EFBC}") = "stereopoly", "stereopoly\stereopoly\stereopoly.csproj", "{3B464C8D-575E-4D7E-9CE2-E4A20A066AB6}"
EndProject
Global
	GlobalSection(SolutionConfigurationPlatforms) = preSolution
		Ad-Hoc|Any CPU = Ad-Hoc|Any CPU
		Ad-Hoc|ARM = Ad-Hoc|ARM
		Ad-Hoc|iPhone = Ad-Hoc|iPhone
		Ad-Hoc|iPhoneSimulator = Ad-Hoc|iPhoneSimulator
		Ad-Hoc|x64 = Ad-Hoc|x64
		Ad-Hoc|x86 = Ad-Hoc|x86
		AppStore|Any CPU = AppStore|Any CPU
		AppStore|ARM = AppStore|ARM
		AppStore|iPhone = AppStore|iPhone
		AppStore|iPhoneSimulator = AppStore|iPhoneSimulator
		AppStore|x64 = AppStore|x64
		AppStore|x86 = AppStore|x86
		Debug|Any CPU = Debug|Any CPU
		Debug|ARM = Debug|ARM
		Debug|iPhone = Debug|iPhone
		Debug|iPhoneSimulator = Debug|iPhoneSimulator
		Debug|x64 = Debug|x64
		Debug|x86 = Debug|x86
		Release|Any CPU = Release|Any CPU
		Release|ARM = Release|ARM
		Release|iPhone = Release|iPhone
		Release|iPhoneSimulator = Release|iPhoneSimulator
		Release|x64 = Release|x64
		Release|x86 = Release|x86
	EndGlobalSection
	GlobalSection(ProjectConfigurationPlatforms) = postSolution
		{1638E2DF-0C2C-40A9-9F8B-80A9825E9251}.Ad-Hoc|Any CPU.ActiveCfg = Release|Any CPU
		{1638E2DF-0C2C-40A9-9F8B-80A9825E9251}.Ad-Hoc|Any CPU.Build.0 = Release|Any CPU
		{1638E2DF-0C2C-40A9-9F8B-80A9825E9251}.Ad-Hoc|Any CPU.Deploy.0 = Release|Any CPU
		{1638E2DF-0C2C-40A9-9F8B-80A9825E9251}.Ad-Hoc|ARM.ActiveCfg = Release|Any CPU
		{1638E2DF-0C2C-40A9-9F8B-80A9825E9251}.Ad-Hoc|ARM.Build.0 = Release|Any CPU
		{1638E2DF-0C2C-40A9-9F8B-80A9825E9251}.Ad-Hoc|ARM.Deploy.0 = Release|Any CPU
		{1638E2DF-0C2C-40A9-9F8B-80A9825E9251}.Ad-Hoc|iPhone.ActiveCfg = Release|Any CPU
		{1638E2DF-0C2C-40A9-9F8B-80A9825E9251}.Ad-Hoc|iPhone.Build.0 = Release|Any CPU
		{1638E2DF-0C2C-40A9-9F8B-80A9825E9251}.Ad-Hoc|iPhone.Deploy.0 = Release|Any CPU
		{1638E2DF-0C2C-40A9-9F8B-80A9825E9251}.Ad-Hoc|iPhoneSimulator.ActiveCfg = Release|Any CPU
		{1638E2DF-0C2C-40A9-9F8B-80A9825E9251}.Ad-Hoc|iPhoneSimulator.Build.0 = Release|Any CPU
		{1638E2DF-0C2C-40A9-9F8B-80A9825E9251}.Ad-Hoc|iPhoneSimulator.Deploy.0 = Release|Any CPU
		{1638E2DF-0C2C-40A9-9F8B-80A9825E9251}.Ad-Hoc|x64.ActiveCfg = Release|Any CPU
		{1638E2DF-0C2C-40A9-9F8B-80A9825E9251}.Ad-Hoc|x64.Build.0 = Release|Any CPU
		{1638E2DF-0C2C-40A9-9F8B-80A9825E9251}.Ad-Hoc|x64.Deploy.0 = Release|Any CPU
		{1638E2DF-0C2C-40A9-9F8B-80A9825E9251}.Ad-Hoc|x86.ActiveCfg = Release|Any CPU
		{1638E2DF-0C2C-40A9-9F8B-80A9825E9251}.Ad-Hoc|x86.Build.0 = Release|Any CPU
		{1638E2DF-0C2C-40A9-9F8B-80A9825E9251}.Ad-Hoc|x86.Deploy.0 = Release|Any CPU
		{1638E2DF-0C2C-40A9-9F8B-80A9825E9251}.AppStore|Any CPU.ActiveCfg = Release|Any CPU
		{1638E2DF-0C2C-40A9-9F8B-80A9825E9251}.AppStore|Any CPU.Build.0 = Release|Any CPU
		{1638E2DF-0C2C-40A9-9F8B-80A9825E9251}.AppStore|Any CPU.Deploy.0 = Release|Any CPU
		{1638E2DF-0C2C-40A9-9F8B-80A9825E9251}.AppStore|ARM.ActiveCfg = Release|Any CPU
		{1638E2DF-0C2C-40A9-9F8B-80A9825E9251}.AppStore|ARM.Build.0 = Release|Any CPU
		{1638E2DF-0C2C-40A9-9F8B-80A9825E9251}.AppStore|ARM.Deploy.0 = Release|Any CPU
		{1638E2DF-0C2C-40A9-9F8B-80A9825E9251}.AppStore|iPhone.ActiveCfg = Release|Any CPU
		{1638E2DF-0C2C-40A9-9F8B-80A9825E9251}.AppStore|iPhone.Build.0 = Release|Any CPU
		{1638E2DF-0C2C-40A9-9F8B-80A9825E9251}.AppStore|iPhone.Deploy.0 = Release|Any CPU
		{1638E2DF-0C2C-40A9-9F8B-80A9825E9251}.AppStore|iPhoneSimulator.ActiveCfg = Release|Any CPU
		{1638E2DF-0C2C-40A9-9F8B-80A9825E9251}.AppStore|iPhoneSimulator.Build.0 = Release|Any CPU
		{1638E2DF-0C2C-40A9-9F8B-80A9825E9251}.AppStore|iPhoneSimulator.Deploy.0 = Release|Any CPU
		{1638E2DF-0C2C-40A9-9F8B-80A9825E9251}.AppStore|x64.ActiveCfg = Release|Any CPU
		{1638E2DF-0C2C-40A9-9F8B-80A9825E9251}.AppStore|x64.Build.0 = Release|Any CPU
		{1638E2DF-0C2C-40A9-9F8B-80A9825E9251}.AppStore|x64.Deploy.0 = Release|Any CPU
		{1638E2DF-0C2C-40A9-9F8B-80A9825E9251}.AppStore|x86.ActiveCfg = Release|Any CPU
		{1638E2DF-0C2C-40A9-9F8B-80A9825E9251}.AppStore|x86.Build.0 = Release|Any CPU
		{1638E2DF-0C2C-40A9-9F8B-80A9825E9251}.AppStore|x86.Deploy.0 = Release|Any CPU
		{1638E2DF-0C2C-40A9-9F8B-80A9825E9251}.Debug|Any CPU.ActiveCfg = Debug|Any CPU
		{1638E2DF-0C2C-40A9-9F8B-80A9825E9251}.Debug|Any CPU.Build.0 = Debug|Any CPU
		{1638E2DF-0C2C-40A9-9F8B-80A9825E9251}.Debug|Any CPU.Deploy.0 = Debug|Any CPU
		{1638E2DF-0C2C-40A9-9F8B-80A9825E9251}.Debug|ARM.ActiveCfg = Debug|Any CPU
		{1638E2DF-0C2C-40A9-9F8B-80A9825E9251}.Debug|ARM.Build.0 = Debug|Any CPU
		{1638E2DF-0C2C-40A9-9F8B-80A9825E9251}.Debug|ARM.Deploy.0 = Debug|Any CPU
		{1638E2DF-0C2C-40A9-9F8B-80A9825E9251}.Debug|iPhone.ActiveCfg = Debug|Any CPU
		{1638E2DF-0C2C-40A9-9F8B-80A9825E9251}.Debug|iPhone.Build.0 = Debug|Any CPU
		{1638E2DF-0C2C-40A9-9F8B-80A9825E9251}.Debug|iPhone.Deploy.0 = Debug|Any CPU
		{1638E2DF-0C2C-40A9-9F8B-80A9825E9251}.Debug|iPhoneSimulator.ActiveCfg = Debug|Any CPU
		{1638E2DF-0C2C-40A9-9F8B-80A9825E9251}.Debug|iPhoneSimulator.Build.0 = Debug|Any CPU
		{1638E2DF-0C2C-40A9-9F8B-80A9825E9251}.Debug|iPhoneSimulator.Deploy.0 = Debug|Any CPU
		{1638E2DF-0C2C-40A9-9F8B-80A9825E9251}.Debug|x64.ActiveCfg = Debug|Any CPU
		{1638E2DF-0C2C-40A9-9F8B-80A9825E9251}.Debug|x64.Build.0 = Debug|Any CPU
		{1638E2DF-0C2C-40A9-9F8B-80A9825E9251}.Debug|x64.Deploy.0 = Debug|Any CPU
		{1638E2DF-0C2C-40A9-9F8B-80A9825E9251}.Debug|x86.ActiveCfg = Debug|Any CPU
		{1638E2DF-0C2C-40A9-9F8B-80A9825E9251}.Debug|x86.Build.0 = Debug|Any CPU
		{1638E2DF-0C2C-40A9-9F8B-80A9825E9251}.Debug|x86.Deploy.0 = Debug|Any CPU
		{1638E2DF-0C2C-40A9-9F8B-80A9825E9251}.Release|Any CPU.ActiveCfg = Release|Any CPU
		{1638E2DF-0C2C-40A9-9F8B-80A9825E9251}.Release|Any CPU.Build.0 = Release|Any CPU
		{1638E2DF-0C2C-40A9-9F8B-80A9825E9251}.Release|Any CPU.Deploy.0 = Release|Any CPU
		{1638E2DF-0C2C-40A9-9F8B-80A9825E9251}.Release|ARM.ActiveCfg = Release|Any CPU
		{1638E2DF-0C2C-40A9-9F8B-80A9825E9251}.Release|ARM.Build.0 = Release|Any CPU
		{1638E2DF-0C2C-40A9-9F8B-80A9825E9251}.Release|ARM.Deploy.0 = Release|Any CPU
		{1638E2DF-0C2C-40A9-9F8B-80A9825E9251}.Release|iPhone.ActiveCfg = Release|Any CPU
		{1638E2DF-0C2C-40A9-9F8B-80A9825E9251}.Release|iPhone.Build.0 = Release|Any CPU
		{1638E2DF-0C2C-40A9-9F8B-80A9825E9251}.Release|iPhone.Deploy.0 = Release|Any CPU
		{1638E2DF-0C2C-40A9-9F8B-80A9825E9251}.Release|iPhoneSimulator.ActiveCfg = Release|Any CPU
		{1638E2DF-0C2C-40A9-9F8B-80A9825E9251}.Release|iPhoneSimulator.Build.0 = Release|Any CPU
		{1638E2DF-0C2C-40A9-9F8B-80A9825E9251}.Release|iPhoneSimulator.Deploy.0 = Release|Any CPU
		{1638E2DF-0C2C-40A9-9F8B-80A9825E9251}.Release|x64.ActiveCfg = Release|Any CPU
		{1638E2DF-0C2C-40A9-9F8B-80A9825E9251}.Release|x64.Build.0 = Release|Any CPU
		{1638E2DF-0C2C-40A9-9F8B-80A9825E9251}.Release|x64.Deploy.0 = Release|Any CPU
		{1638E2DF-0C2C-40A9-9F8B-80A9825E9251}.Release|x86.ActiveCfg = Release|Any CPU
		{1638E2DF-0C2C-40A9-9F8B-80A9825E9251}.Release|x86.Build.0 = Release|Any CPU
		{1638E2DF-0C2C-40A9-9F8B-80A9825E9251}.Release|x86.Deploy.0 = Release|Any CPU
		{2199877E-305A-4FF6-9F94-81DD5837E5B1}.Ad-Hoc|Any CPU.ActiveCfg = Ad-Hoc|iPhone
		{2199877E-305A-4FF6-9F94-81DD5837E5B1}.Ad-Hoc|Any CPU.Build.0 = Ad-Hoc|iPhone
		{2199877E-305A-4FF6-9F94-81DD5837E5B1}.Ad-Hoc|Any CPU.Deploy.0 = Ad-Hoc|iPhone
		{2199877E-305A-4FF6-9F94-81DD5837E5B1}.Ad-Hoc|ARM.ActiveCfg = Ad-Hoc|iPhone
		{2199877E-305A-4FF6-9F94-81DD5837E5B1}.Ad-Hoc|ARM.Build.0 = Ad-Hoc|iPhone
		{2199877E-305A-4FF6-9F94-81DD5837E5B1}.Ad-Hoc|ARM.Deploy.0 = Ad-Hoc|iPhone
		{2199877E-305A-4FF6-9F94-81DD5837E5B1}.Ad-Hoc|iPhone.ActiveCfg = Ad-Hoc|iPhone
		{2199877E-305A-4FF6-9F94-81DD5837E5B1}.Ad-Hoc|iPhone.Build.0 = Ad-Hoc|iPhone
		{2199877E-305A-4FF6-9F94-81DD5837E5B1}.Ad-Hoc|iPhone.Deploy.0 = Ad-Hoc|iPhone
		{2199877E-305A-4FF6-9F94-81DD5837E5B1}.Ad-Hoc|iPhoneSimulator.ActiveCfg = Ad-Hoc|iPhoneSimulator
		{2199877E-305A-4FF6-9F94-81DD5837E5B1}.Ad-Hoc|iPhoneSimulator.Build.0 = Ad-Hoc|iPhoneSimulator
		{2199877E-305A-4FF6-9F94-81DD5837E5B1}.Ad-Hoc|iPhoneSimulator.Deploy.0 = Ad-Hoc|iPhoneSimulator
		{2199877E-305A-4FF6-9F94-81DD5837E5B1}.Ad-Hoc|x64.ActiveCfg = Ad-Hoc|iPhone
		{2199877E-305A-4FF6-9F94-81DD5837E5B1}.Ad-Hoc|x64.Build.0 = Ad-Hoc|iPhone
		{2199877E-305A-4FF6-9F94-81DD5837E5B1}.Ad-Hoc|x64.Deploy.0 = Ad-Hoc|iPhone
		{2199877E-305A-4FF6-9F94-81DD5837E5B1}.Ad-Hoc|x86.ActiveCfg = Ad-Hoc|iPhone
		{2199877E-305A-4FF6-9F94-81DD5837E5B1}.Ad-Hoc|x86.Build.0 = Ad-Hoc|iPhone
		{2199877E-305A-4FF6-9F94-81DD5837E5B1}.Ad-Hoc|x86.Deploy.0 = Ad-Hoc|iPhone
		{2199877E-305A-4FF6-9F94-81DD5837E5B1}.AppStore|Any CPU.ActiveCfg = AppStore|iPhone
		{2199877E-305A-4FF6-9F94-81DD5837E5B1}.AppStore|Any CPU.Build.0 = AppStore|iPhone
		{2199877E-305A-4FF6-9F94-81DD5837E5B1}.AppStore|Any CPU.Deploy.0 = AppStore|iPhone
		{2199877E-305A-4FF6-9F94-81DD5837E5B1}.AppStore|ARM.ActiveCfg = AppStore|iPhone
		{2199877E-305A-4FF6-9F94-81DD5837E5B1}.AppStore|ARM.Build.0 = AppStore|iPhone
		{2199877E-305A-4FF6-9F94-81DD5837E5B1}.AppStore|ARM.Deploy.0 = AppStore|iPhone
		{2199877E-305A-4FF6-9F94-81DD5837E5B1}.AppStore|iPhone.ActiveCfg = AppStore|iPhone
		{2199877E-305A-4FF6-9F94-81DD5837E5B1}.AppStore|iPhone.Build.0 = AppStore|iPhone
		{2199877E-305A-4FF6-9F94-81DD5837E5B1}.AppStore|iPhone.Deploy.0 = AppStore|iPhone
		{2199877E-305A-4FF6-9F94-81DD5837E5B1}.AppStore|iPhoneSimulator.ActiveCfg = AppStore|iPhoneSimulator
		{2199877E-305A-4FF6-9F94-81DD5837E5B1}.AppStore|iPhoneSimulator.Build.0 = AppStore|iPhoneSimulator
		{2199877E-305A-4FF6-9F94-81DD5837E5B1}.AppStore|iPhoneSimulator.Deploy.0 = AppStore|iPhoneSimulator
		{2199877E-305A-4FF6-9F94-81DD5837E5B1}.AppStore|x64.ActiveCfg = AppStore|iPhone
		{2199877E-305A-4FF6-9F94-81DD5837E5B1}.AppStore|x64.Build.0 = AppStore|iPhone
		{2199877E-305A-4FF6-9F94-81DD5837E5B1}.AppStore|x64.Deploy.0 = AppStore|iPhone
		{2199877E-305A-4FF6-9F94-81DD5837E5B1}.AppStore|x86.ActiveCfg = AppStore|iPhone
		{2199877E-305A-4FF6-9F94-81DD5837E5B1}.AppStore|x86.Build.0 = AppStore|iPhone
		{2199877E-305A-4FF6-9F94-81DD5837E5B1}.AppStore|x86.Deploy.0 = AppStore|iPhone
		{2199877E-305A-4FF6-9F94-81DD5837E5B1}.Debug|Any CPU.ActiveCfg = Debug|iPhoneSimulator
		{2199877E-305A-4FF6-9F94-81DD5837E5B1}.Debug|Any CPU.Build.0 = Debug|iPhoneSimulator
		{2199877E-305A-4FF6-9F94-81DD5837E5B1}.Debug|Any CPU.Deploy.0 = Debug|iPhoneSimulator
		{2199877E-305A-4FF6-9F94-81DD5837E5B1}.Debug|ARM.ActiveCfg = Debug|iPhone
		{2199877E-305A-4FF6-9F94-81DD5837E5B1}.Debug|ARM.Build.0 = Debug|iPhone
		{2199877E-305A-4FF6-9F94-81DD5837E5B1}.Debug|ARM.Deploy.0 = Debug|iPhone
		{2199877E-305A-4FF6-9F94-81DD5837E5B1}.Debug|iPhone.ActiveCfg = Debug|iPhone
		{2199877E-305A-4FF6-9F94-81DD5837E5B1}.Debug|iPhone.Build.0 = Debug|iPhone
		{2199877E-305A-4FF6-9F94-81DD5837E5B1}.Debug|iPhone.Deploy.0 = Debug|iPhone
		{2199877E-305A-4FF6-9F94-81DD5837E5B1}.Debug|iPhoneSimulator.ActiveCfg = Debug|iPhoneSimulator
		{2199877E-305A-4FF6-9F94-81DD5837E5B1}.Debug|iPhoneSimulator.Build.0 = Debug|iPhoneSimulator
		{2199877E-305A-4FF6-9F94-81DD5837E5B1}.Debug|iPhoneSimulator.Deploy.0 = Debug|iPhoneSimulator
		{2199877E-305A-4FF6-9F94-81DD5837E5B1}.Debug|x64.ActiveCfg = Debug|iPhone
		{2199877E-305A-4FF6-9F94-81DD5837E5B1}.Debug|x64.Build.0 = Debug|iPhone
		{2199877E-305A-4FF6-9F94-81DD5837E5B1}.Debug|x64.Deploy.0 = Debug|iPhone
		{2199877E-305A-4FF6-9F94-81DD5837E5B1}.Debug|x86.ActiveCfg = Debug|iPhone
		{2199877E-305A-4FF6-9F94-81DD5837E5B1}.Debug|x86.Build.0 = Debug|iPhone
		{2199877E-305A-4FF6-9F94-81DD5837E5B1}.Debug|x86.Deploy.0 = Debug|iPhone
		{2199877E-305A-4FF6-9F94-81DD5837E5B1}.Release|Any CPU.ActiveCfg = Release|iPhone
		{2199877E-305A-4FF6-9F94-81DD5837E5B1}.Release|Any CPU.Build.0 = Release|iPhone
		{2199877E-305A-4FF6-9F94-81DD5837E5B1}.Release|Any CPU.Deploy.0 = Release|iPhone
		{2199877E-305A-4FF6-9F94-81DD5837E5B1}.Release|ARM.ActiveCfg = Release|iPhone
		{2199877E-305A-4FF6-9F94-81DD5837E5B1}.Release|ARM.Build.0 = Release|iPhone
		{2199877E-305A-4FF6-9F94-81DD5837E5B1}.Release|ARM.Deploy.0 = Release|iPhone
		{2199877E-305A-4FF6-9F94-81DD5837E5B1}.Release|iPhone.ActiveCfg = Release|iPhone
		{2199877E-305A-4FF6-9F94-81DD5837E5B1}.Release|iPhone.Build.0 = Release|iPhone
		{2199877E-305A-4FF6-9F94-81DD5837E5B1}.Release|iPhone.Deploy.0 = Release|iPhone
		{2199877E-305A-4FF6-9F94-81DD5837E5B1}.Release|iPhoneSimulator.ActiveCfg = Release|iPhoneSimulator
		{2199877E-305A-4FF6-9F94-81DD5837E5B1}.Release|iPhoneSimulator.Build.0 = Release|iPhoneSimulator
		{2199877E-305A-4FF6-9F94-81DD5837E5B1}.Release|iPhoneSimulator.Deploy.0 = Release|iPhoneSimulator
		{2199877E-305A-4FF6-9F94-81DD5837E5B1}.Release|x64.ActiveCfg = Release|iPhone
		{2199877E-305A-4FF6-9F94-81DD5837E5B1}.Release|x64.Build.0 = Release|iPhone
		{2199877E-305A-4FF6-9F94-81DD5837E5B1}.Release|x64.Deploy.0 = Release|iPhone
		{2199877E-305A-4FF6-9F94-81DD5837E5B1}.Release|x86.ActiveCfg = Release|iPhone
		{2199877E-305A-4FF6-9F94-81DD5837E5B1}.Release|x86.Build.0 = Release|iPhone
		{2199877E-305A-4FF6-9F94-81DD5837E5B1}.Release|x86.Deploy.0 = Release|iPhone
		{35A87669-3E39-4314-A4FD-6D14D51FB4A8}.Ad-Hoc|Any CPU.ActiveCfg = Release|x86
		{35A87669-3E39-4314-A4FD-6D14D51FB4A8}.Ad-Hoc|Any CPU.Build.0 = Release|x86
		{35A87669-3E39-4314-A4FD-6D14D51FB4A8}.Ad-Hoc|Any CPU.Deploy.0 = Release|x86
		{35A87669-3E39-4314-A4FD-6D14D51FB4A8}.Ad-Hoc|ARM.ActiveCfg = Release|ARM
		{35A87669-3E39-4314-A4FD-6D14D51FB4A8}.Ad-Hoc|ARM.Build.0 = Release|ARM
		{35A87669-3E39-4314-A4FD-6D14D51FB4A8}.Ad-Hoc|ARM.Deploy.0 = Release|ARM
		{35A87669-3E39-4314-A4FD-6D14D51FB4A8}.Ad-Hoc|iPhone.ActiveCfg = Release|x86
		{35A87669-3E39-4314-A4FD-6D14D51FB4A8}.Ad-Hoc|iPhone.Build.0 = Release|x86
		{35A87669-3E39-4314-A4FD-6D14D51FB4A8}.Ad-Hoc|iPhone.Deploy.0 = Release|x86
		{35A87669-3E39-4314-A4FD-6D14D51FB4A8}.Ad-Hoc|iPhoneSimulator.ActiveCfg = Release|x86
		{35A87669-3E39-4314-A4FD-6D14D51FB4A8}.Ad-Hoc|iPhoneSimulator.Build.0 = Release|x86
		{35A87669-3E39-4314-A4FD-6D14D51FB4A8}.Ad-Hoc|iPhoneSimulator.Deploy.0 = Release|x86
		{35A87669-3E39-4314-A4FD-6D14D51FB4A8}.Ad-Hoc|x64.ActiveCfg = Release|x64
		{35A87669-3E39-4314-A4FD-6D14D51FB4A8}.Ad-Hoc|x64.Build.0 = Release|x64
		{35A87669-3E39-4314-A4FD-6D14D51FB4A8}.Ad-Hoc|x64.Deploy.0 = Release|x64
		{35A87669-3E39-4314-A4FD-6D14D51FB4A8}.Ad-Hoc|x86.ActiveCfg = Release|x86
		{35A87669-3E39-4314-A4FD-6D14D51FB4A8}.Ad-Hoc|x86.Build.0 = Release|x86
		{35A87669-3E39-4314-A4FD-6D14D51FB4A8}.Ad-Hoc|x86.Deploy.0 = Release|x86
		{35A87669-3E39-4314-A4FD-6D14D51FB4A8}.AppStore|Any CPU.ActiveCfg = Release|x86
		{35A87669-3E39-4314-A4FD-6D14D51FB4A8}.AppStore|Any CPU.Build.0 = Release|x86
		{35A87669-3E39-4314-A4FD-6D14D51FB4A8}.AppStore|Any CPU.Deploy.0 = Release|x86
		{35A87669-3E39-4314-A4FD-6D14D51FB4A8}.AppStore|ARM.ActiveCfg = Release|ARM
		{35A87669-3E39-4314-A4FD-6D14D51FB4A8}.AppStore|ARM.Build.0 = Release|ARM
		{35A87669-3E39-4314-A4FD-6D14D51FB4A8}.AppStore|ARM.Deploy.0 = Release|ARM
		{35A87669-3E39-4314-A4FD-6D14D51FB4A8}.AppStore|iPhone.ActiveCfg = Release|x86
		{35A87669-3E39-4314-A4FD-6D14D51FB4A8}.AppStore|iPhone.Build.0 = Release|x86
		{35A87669-3E39-4314-A4FD-6D14D51FB4A8}.AppStore|iPhone.Deploy.0 = Release|x86
		{35A87669-3E39-4314-A4FD-6D14D51FB4A8}.AppStore|iPhoneSimulator.ActiveCfg = Release|x86
		{35A87669-3E39-4314-A4FD-6D14D51FB4A8}.AppStore|iPhoneSimulator.Build.0 = Release|x86
		{35A87669-3E39-4314-A4FD-6D14D51FB4A8}.AppStore|iPhoneSimulator.Deploy.0 = Release|x86
		{35A87669-3E39-4314-A4FD-6D14D51FB4A8}.AppStore|x64.ActiveCfg = Release|x64
		{35A87669-3E39-4314-A4FD-6D14D51FB4A8}.AppStore|x64.Build.0 = Release|x64
		{35A87669-3E39-4314-A4FD-6D14D51FB4A8}.AppStore|x64.Deploy.0 = Release|x64
		{35A87669-3E39-4314-A4FD-6D14D51FB4A8}.AppStore|x86.ActiveCfg = Release|x86
		{35A87669-3E39-4314-A4FD-6D14D51FB4A8}.AppStore|x86.Build.0 = Release|x86
		{35A87669-3E39-4314-A4FD-6D14D51FB4A8}.AppStore|x86.Deploy.0 = Release|x86
		{35A87669-3E39-4314-A4FD-6D14D51FB4A8}.Debug|Any CPU.ActiveCfg = Debug|x86
		{35A87669-3E39-4314-A4FD-6D14D51FB4A8}.Debug|Any CPU.Build.0 = Debug|x86
		{35A87669-3E39-4314-A4FD-6D14D51FB4A8}.Debug|Any CPU.Deploy.0 = Debug|x86
		{35A87669-3E39-4314-A4FD-6D14D51FB4A8}.Debug|ARM.ActiveCfg = Debug|ARM
		{35A87669-3E39-4314-A4FD-6D14D51FB4A8}.Debug|ARM.Build.0 = Debug|ARM
		{35A87669-3E39-4314-A4FD-6D14D51FB4A8}.Debug|ARM.Deploy.0 = Debug|ARM
		{35A87669-3E39-4314-A4FD-6D14D51FB4A8}.Debug|iPhone.ActiveCfg = Debug|x86
		{35A87669-3E39-4314-A4FD-6D14D51FB4A8}.Debug|iPhone.Build.0 = Debug|x86
		{35A87669-3E39-4314-A4FD-6D14D51FB4A8}.Debug|iPhone.Deploy.0 = Debug|x86
		{35A87669-3E39-4314-A4FD-6D14D51FB4A8}.Debug|iPhoneSimulator.ActiveCfg = Debug|x86
		{35A87669-3E39-4314-A4FD-6D14D51FB4A8}.Debug|iPhoneSimulator.Build.0 = Debug|x86
		{35A87669-3E39-4314-A4FD-6D14D51FB4A8}.Debug|iPhoneSimulator.Deploy.0 = Debug|x86
		{35A87669-3E39-4314-A4FD-6D14D51FB4A8}.Debug|x64.ActiveCfg = Debug|x64
		{35A87669-3E39-4314-A4FD-6D14D51FB4A8}.Debug|x64.Build.0 = Debug|x64
		{35A87669-3E39-4314-A4FD-6D14D51FB4A8}.Debug|x64.Deploy.0 = Debug|x64
		{35A87669-3E39-4314-A4FD-6D14D51FB4A8}.Debug|x86.ActiveCfg = Debug|x86
		{35A87669-3E39-4314-A4FD-6D14D51FB4A8}.Debug|x86.Build.0 = Debug|x86
		{35A87669-3E39-4314-A4FD-6D14D51FB4A8}.Debug|x86.Deploy.0 = Debug|x86
		{35A87669-3E39-4314-A4FD-6D14D51FB4A8}.Release|Any CPU.ActiveCfg = Release|x86
		{35A87669-3E39-4314-A4FD-6D14D51FB4A8}.Release|Any CPU.Build.0 = Release|x86
		{35A87669-3E39-4314-A4FD-6D14D51FB4A8}.Release|Any CPU.Deploy.0 = Release|x86
		{35A87669-3E39-4314-A4FD-6D14D51FB4A8}.Release|ARM.ActiveCfg = Release|ARM
		{35A87669-3E39-4314-A4FD-6D14D51FB4A8}.Release|ARM.Build.0 = Release|ARM
		{35A87669-3E39-4314-A4FD-6D14D51FB4A8}.Release|ARM.Deploy.0 = Release|ARM
		{35A87669-3E39-4314-A4FD-6D14D51FB4A8}.Release|iPhone.ActiveCfg = Release|x86
		{35A87669-3E39-4314-A4FD-6D14D51FB4A8}.Release|iPhone.Build.0 = Release|x86
		{35A87669-3E39-4314-A4FD-6D14D51FB4A8}.Release|iPhone.Deploy.0 = Release|x86
		{35A87669-3E39-4314-A4FD-6D14D51FB4A8}.Release|iPhoneSimulator.ActiveCfg = Release|x86
		{35A87669-3E39-4314-A4FD-6D14D51FB4A8}.Release|iPhoneSimulator.Build.0 = Release|x86
		{35A87669-3E39-4314-A4FD-6D14D51FB4A8}.Release|iPhoneSimulator.Deploy.0 = Release|x86
		{35A87669-3E39-4314-A4FD-6D14D51FB4A8}.Release|x64.ActiveCfg = Release|x64
		{35A87669-3E39-4314-A4FD-6D14D51FB4A8}.Release|x64.Build.0 = Release|x64
		{35A87669-3E39-4314-A4FD-6D14D51FB4A8}.Release|x64.Deploy.0 = Release|x64
		{35A87669-3E39-4314-A4FD-6D14D51FB4A8}.Release|x86.ActiveCfg = Release|x86
		{35A87669-3E39-4314-A4FD-6D14D51FB4A8}.Release|x86.Build.0 = Release|x86
		{35A87669-3E39-4314-A4FD-6D14D51FB4A8}.Release|x86.Deploy.0 = Release|x86
		{3B464C8D-575E-4D7E-9CE2-E4A20A066AB6}.Ad-Hoc|Any CPU.ActiveCfg = Debug|Any CPU
		{3B464C8D-575E-4D7E-9CE2-E4A20A066AB6}.Ad-Hoc|Any CPU.Build.0 = Debug|Any CPU
		{3B464C8D-575E-4D7E-9CE2-E4A20A066AB6}.Ad-Hoc|Any CPU.Deploy.0 = Debug|Any CPU
		{3B464C8D-575E-4D7E-9CE2-E4A20A066AB6}.Ad-Hoc|ARM.ActiveCfg = Debug|Any CPU
		{3B464C8D-575E-4D7E-9CE2-E4A20A066AB6}.Ad-Hoc|ARM.Build.0 = Debug|Any CPU
		{3B464C8D-575E-4D7E-9CE2-E4A20A066AB6}.Ad-Hoc|ARM.Deploy.0 = Debug|Any CPU
		{3B464C8D-575E-4D7E-9CE2-E4A20A066AB6}.Ad-Hoc|iPhone.ActiveCfg = Debug|Any CPU
		{3B464C8D-575E-4D7E-9CE2-E4A20A066AB6}.Ad-Hoc|iPhone.Build.0 = Debug|Any CPU
		{3B464C8D-575E-4D7E-9CE2-E4A20A066AB6}.Ad-Hoc|iPhone.Deploy.0 = Debug|Any CPU
		{3B464C8D-575E-4D7E-9CE2-E4A20A066AB6}.Ad-Hoc|iPhoneSimulator.ActiveCfg = Debug|Any CPU
		{3B464C8D-575E-4D7E-9CE2-E4A20A066AB6}.Ad-Hoc|iPhoneSimulator.Build.0 = Debug|Any CPU
		{3B464C8D-575E-4D7E-9CE2-E4A20A066AB6}.Ad-Hoc|iPhoneSimulator.Deploy.0 = Debug|Any CPU
		{3B464C8D-575E-4D7E-9CE2-E4A20A066AB6}.Ad-Hoc|x64.ActiveCfg = Debug|Any CPU
		{3B464C8D-575E-4D7E-9CE2-E4A20A066AB6}.Ad-Hoc|x64.Build.0 = Debug|Any CPU
		{3B464C8D-575E-4D7E-9CE2-E4A20A066AB6}.Ad-Hoc|x64.Deploy.0 = Debug|Any CPU
		{3B464C8D-575E-4D7E-9CE2-E4A20A066AB6}.Ad-Hoc|x86.ActiveCfg = Debug|Any CPU
		{3B464C8D-575E-4D7E-9CE2-E4A20A066AB6}.Ad-Hoc|x86.Build.0 = Debug|Any CPU
		{3B464C8D-575E-4D7E-9CE2-E4A20A066AB6}.Ad-Hoc|x86.Deploy.0 = Debug|Any CPU
		{3B464C8D-575E-4D7E-9CE2-E4A20A066AB6}.AppStore|Any CPU.ActiveCfg = Debug|Any CPU
		{3B464C8D-575E-4D7E-9CE2-E4A20A066AB6}.AppStore|Any CPU.Build.0 = Debug|Any CPU
		{3B464C8D-575E-4D7E-9CE2-E4A20A066AB6}.AppStore|Any CPU.Deploy.0 = Debug|Any CPU
		{3B464C8D-575E-4D7E-9CE2-E4A20A066AB6}.AppStore|ARM.ActiveCfg = Debug|Any CPU
		{3B464C8D-575E-4D7E-9CE2-E4A20A066AB6}.AppStore|ARM.Build.0 = Debug|Any CPU
		{3B464C8D-575E-4D7E-9CE2-E4A20A066AB6}.AppStore|ARM.Deploy.0 = Debug|Any CPU
		{3B464C8D-575E-4D7E-9CE2-E4A20A066AB6}.AppStore|iPhone.ActiveCfg = Debug|Any CPU
		{3B464C8D-575E-4D7E-9CE2-E4A20A066AB6}.AppStore|iPhone.Build.0 = Debug|Any CPU
		{3B464C8D-575E-4D7E-9CE2-E4A20A066AB6}.AppStore|iPhone.Deploy.0 = Debug|Any CPU
		{3B464C8D-575E-4D7E-9CE2-E4A20A066AB6}.AppStore|iPhoneSimulator.ActiveCfg = Debug|Any CPU
		{3B464C8D-575E-4D7E-9CE2-E4A20A066AB6}.AppStore|iPhoneSimulator.Build.0 = Debug|Any CPU
		{3B464C8D-575E-4D7E-9CE2-E4A20A066AB6}.AppStore|iPhoneSimulator.Deploy.0 = Debug|Any CPU
		{3B464C8D-575E-4D7E-9CE2-E4A20A066AB6}.AppStore|x64.ActiveCfg = Debug|Any CPU
		{3B464C8D-575E-4D7E-9CE2-E4A20A066AB6}.AppStore|x64.Build.0 = Debug|Any CPU
		{3B464C8D-575E-4D7E-9CE2-E4A20A066AB6}.AppStore|x64.Deploy.0 = Debug|Any CPU
		{3B464C8D-575E-4D7E-9CE2-E4A20A066AB6}.AppStore|x86.ActiveCfg = Debug|Any CPU
		{3B464C8D-575E-4D7E-9CE2-E4A20A066AB6}.AppStore|x86.Build.0 = Debug|Any CPU
		{3B464C8D-575E-4D7E-9CE2-E4A20A066AB6}.AppStore|x86.Deploy.0 = Debug|Any CPU
		{3B464C8D-575E-4D7E-9CE2-E4A20A066AB6}.Debug|Any CPU.ActiveCfg = Debug|Any CPU
		{3B464C8D-575E-4D7E-9CE2-E4A20A066AB6}.Debug|Any CPU.Build.0 = Debug|Any CPU
		{3B464C8D-575E-4D7E-9CE2-E4A20A066AB6}.Debug|Any CPU.Deploy.0 = Debug|Any CPU
		{3B464C8D-575E-4D7E-9CE2-E4A20A066AB6}.Debug|ARM.ActiveCfg = Debug|Any CPU
		{3B464C8D-575E-4D7E-9CE2-E4A20A066AB6}.Debug|ARM.Build.0 = Debug|Any CPU
		{3B464C8D-575E-4D7E-9CE2-E4A20A066AB6}.Debug|ARM.Deploy.0 = Debug|Any CPU
		{3B464C8D-575E-4D7E-9CE2-E4A20A066AB6}.Debug|iPhone.ActiveCfg = Debug|Any CPU
		{3B464C8D-575E-4D7E-9CE2-E4A20A066AB6}.Debug|iPhone.Build.0 = Debug|Any CPU
		{3B464C8D-575E-4D7E-9CE2-E4A20A066AB6}.Debug|iPhone.Deploy.0 = Debug|Any CPU
		{3B464C8D-575E-4D7E-9CE2-E4A20A066AB6}.Debug|iPhoneSimulator.ActiveCfg = Debug|Any CPU
		{3B464C8D-575E-4D7E-9CE2-E4A20A066AB6}.Debug|iPhoneSimulator.Build.0 = Debug|Any CPU
		{3B464C8D-575E-4D7E-9CE2-E4A20A066AB6}.Debug|iPhoneSimulator.Deploy.0 = Debug|Any CPU
		{3B464C8D-575E-4D7E-9CE2-E4A20A066AB6}.Debug|x64.ActiveCfg = Debug|Any CPU
		{3B464C8D-575E-4D7E-9CE2-E4A20A066AB6}.Debug|x64.Build.0 = Debug|Any CPU
		{3B464C8D-575E-4D7E-9CE2-E4A20A066AB6}.Debug|x64.Deploy.0 = Debug|Any CPU
		{3B464C8D-575E-4D7E-9CE2-E4A20A066AB6}.Debug|x86.ActiveCfg = Debug|Any CPU
		{3B464C8D-575E-4D7E-9CE2-E4A20A066AB6}.Debug|x86.Build.0 = Debug|Any CPU
		{3B464C8D-575E-4D7E-9CE2-E4A20A066AB6}.Debug|x86.Deploy.0 = Debug|Any CPU
		{3B464C8D-575E-4D7E-9CE2-E4A20A066AB6}.Release|Any CPU.ActiveCfg = Release|Any CPU
		{3B464C8D-575E-4D7E-9CE2-E4A20A066AB6}.Release|Any CPU.Build.0 = Release|Any CPU
		{3B464C8D-575E-4D7E-9CE2-E4A20A066AB6}.Release|Any CPU.Deploy.0 = Release|Any CPU
		{3B464C8D-575E-4D7E-9CE2-E4A20A066AB6}.Release|ARM.ActiveCfg = Release|Any CPU
		{3B464C8D-575E-4D7E-9CE2-E4A20A066AB6}.Release|ARM.Build.0 = Release|Any CPU
		{3B464C8D-575E-4D7E-9CE2-E4A20A066AB6}.Release|ARM.Deploy.0 = Release|Any CPU
		{3B464C8D-575E-4D7E-9CE2-E4A20A066AB6}.Release|iPhone.ActiveCfg = Release|Any CPU
		{3B464C8D-575E-4D7E-9CE2-E4A20A066AB6}.Release|iPhone.Build.0 = Release|Any CPU
		{3B464C8D-575E-4D7E-9CE2-E4A20A066AB6}.Release|iPhone.Deploy.0 = Release|Any CPU
		{3B464C8D-575E-4D7E-9CE2-E4A20A066AB6}.Release|iPhoneSimulator.ActiveCfg = Release|Any CPU
		{3B464C8D-575E-4D7E-9CE2-E4A20A066AB6}.Release|iPhoneSimulator.Build.0 = Release|Any CPU
		{3B464C8D-575E-4D7E-9CE2-E4A20A066AB6}.Release|iPhoneSimulator.Deploy.0 = Release|Any CPU
		{3B464C8D-575E-4D7E-9CE2-E4A20A066AB6}.Release|x64.ActiveCfg = Release|Any CPU
		{3B464C8D-575E-4D7E-9CE2-E4A20A066AB6}.Release|x64.Build.0 = Release|Any CPU
		{3B464C8D-575E-4D7E-9CE2-E4A20A066AB6}.Release|x64.Deploy.0 = Release|Any CPU
		{3B464C8D-575E-4D7E-9CE2-E4A20A066AB6}.Release|x86.ActiveCfg = Release|Any CPU
		{3B464C8D-575E-4D7E-9CE2-E4A20A066AB6}.Release|x86.Build.0 = Release|Any CPU
		{3B464C8D-575E-4D7E-9CE2-E4A20A066AB6}.Release|x86.Deploy.0 = Release|Any CPU
	EndGlobalSection
	GlobalSection(SolutionProperties) = preSolution
		HideSolutionNode = FALSE
	EndGlobalSection
	GlobalSection(ExtensibilityGlobals) = postSolution
		SolutionGuid = {117E6701-779C-4C3D-B189-5586C3DF6569}
	EndGlobalSection
EndGlobal
